# THIS IS AN AUTOGENERATED FILE. DO NOT EDIT THIS FILE DIRECTLY.
# yarn lockfile v1


"@rescript/core@^0.6.0":
  version "0.6.0"
  resolved "https://registry.yarnpkg.com/@rescript/core/-/core-0.6.0.tgz#d2aae335c2a91dd68acce0ec11716861e08500d5"
  integrity sha512-D4ykxSpbmxbQa99kCg6/DztwCNt1tV3t11BLSOvJPHNLSIuQxfAU3ddgRruaH9LQSKOrMUjxQS9z6RdG5iFPoA==

rescript@^11.0.0:
  version "11.0.0"
  resolved "https://registry.yarnpkg.com/rescript/-/rescript-11.0.0.tgz#9a0b6fc998c360543c459aba49b77a572a0306cd"
  integrity sha512-uIUwDZZmDUb7ymGkBiiGioxMg8hXh1mze/2k/qhYQcZGgi7PrLHQIW9AksM7gb9WnpjCAvFsA8U2VgC0nA468w==

typescript@5.2.2:
  version "5.2.2"
  resolved "https://registry.yarnpkg.com/typescript/-/typescript-5.2.2.tgz#5ebb5e5a5b75f085f22bc3f8460fba308310fa78"
  integrity sha512-mI4WrpHsbCIcwT9cF4FZvr80QUeKvsUsUvKDoR+X/7XHQH98xYD8YHZg7ANtz2GtZt/CBq2QJ0thkGJMHfqc1w==
